
Microsoft Visual Studio Solution File, Format Version 12.00
# Visual Studio Version 17
VisualStudioVersion = 17.5.33414.496
MinimumVisualStudioVersion = 10.0.40219.1
Project("{FAE04EC0-301F-11D3-BF4B-00C04F79EFBC}") = "GUI_QLKS", "GUI_QLKS\GUI_QLKS.csproj", "{D99CDDE7-5E91-4A4A-89AF-AE02425BEBC5}"
EndProject
Project("{FAE04EC0-301F-11D3-BF4B-00C04F79EFBC}") = "DTO", "DTO\DTO.csproj", "{68F83FFB-AD34-4578-9043-016DF554B4C7}"
EndProject
Project("{FAE04EC0-301F-11D3-BF4B-00C04F79EFBC}") = "DAL_QLKS", "DAL_QLKS\DAL_QLKS.csproj", "{3E44ED43-3547-488F-ADE9-93B732A1C41A}"
EndProject
Global
	GlobalSection(SolutionConfigurationPlatforms) = preSolution
		Debug|Any CPU = Debug|Any CPU
		Release|Any CPU = Release|Any CPU
	EndGlobalSection
	GlobalSection(ProjectConfigurationPlatforms) = postSolution
		{D99CDDE7-5E91-4A4A-89AF-AE02425BEBC5}.Debug|Any CPU.ActiveCfg = Debug|Any CPU
		{D99CDDE7-5E91-4A4A-89AF-AE02425BEBC5}.Debug|Any CPU.Build.0 = Debug|Any CPU
		{D99CDDE7-5E91-4A4A-89AF-AE02425BEBC5}.Release|Any CPU.ActiveCfg = Release|Any CPU
		{D99CDDE7-5E91-4A4A-89AF-AE02425BEBC5}.Release|Any CPU.Build.0 = Release|Any CPU
		{68F83FFB-AD34-4578-9043-016DF554B4C7}.Debug|Any CPU.ActiveCfg = Debug|Any CPU
		{68F83FFB-AD34-4578-9043-016DF554B4C7}.Debug|Any CPU.Build.0 = Debug|Any CPU
		{68F83FFB-AD34-4578-9043-016DF554B4C7}.Release|Any CPU.ActiveCfg = Release|Any CPU
		{68F83FFB-AD34-4578-9043-016DF554B4C7}.Release|Any CPU.Build.0 = Release|Any CPU
		{3E44ED43-3547-488F-ADE9-93B732A1C41A}.Debug|Any CPU.ActiveCfg = Debug|Any CPU
		{3E44ED43-3547-488F-ADE9-93B732A1C41A}.Debug|Any CPU.Build.0 = Debug|Any CPU
		{3E44ED43-3547-488F-ADE9-93B732A1C41A}.Release|Any CPU.ActiveCfg = Release|Any CPU
		{3E44ED43-3547-488F-ADE9-93B732A1C41A}.Release|Any CPU.Build.0 = Release|Any CPU
	EndGlobalSection
	GlobalSection(SolutionProperties) = preSolution
		HideSolutionNode = FALSE
	EndGlobalSection
	GlobalSection(ExtensibilityGlobals) = postSolution
		SolutionGuid = {F7081023-ADA7-443E-81C4-6988ED9EA4BF}
	EndGlobalSection
EndGlobal
